
Microsoft Visual Studio Solution File, Format Version 12.00
# Visual Studio 15
VisualStudioVersion = 15.0.27703.2026
MinimumVisualStudioVersion = 10.0.40219.1
Project("{FAE04EC0-301F-11D3-BF4B-00C04F79EFBC}") = "ASPNetCoreReact", "ASPNetCoreReact\ASPNetCoreReact.csproj", "{77335FA9-56F2-4C44-B862-E3EE1B11525E}"
EndProject
Global
	GlobalSection(SolutionConfigurationPlatforms) = preSolution
		Debug|Any CPU = Debug|Any CPU
		Release|Any CPU = Release|Any CPU
	EndGlobalSection
	GlobalSection(ProjectConfigurationPlatforms) = postSolution
		{77335FA9-56F2-4C44-B862-E3EE1B11525E}.Debug|Any CPU.ActiveCfg = Debug|Any CPU
		{77335FA9-56F2-4C44-B862-E3EE1B11525E}.Debug|Any CPU.Build.0 = Debug|Any CPU
		{77335FA9-56F2-4C44-B862-E3EE1B11525E}.Release|Any CPU.ActiveCfg = Release|Any CPU
		{77335FA9-56F2-4C44-B862-E3EE1B11525E}.Release|Any CPU.Build.0 = Release|Any CPU
	EndGlobalSection
	GlobalSection(SolutionProperties) = preSolution
		HideSolutionNode = FALSE
	EndGlobalSection
	GlobalSection(ExtensibilityGlobals) = postSolution
		SolutionGuid = {A5FA9BED-CD03-44E4-8DF9-87F207C0DEEB}
	EndGlobalSection
EndGlobal
